
Microsoft Visual Studio Solution File, Format Version 12.00
# Visual Studio 15
VisualStudioVersion = 15.0.27703.2035
MinimumVisualStudioVersion = 10.0.40219.1
Project("{FAE04EC0-301F-11D3-BF4B-00C04F79EFBC}") = "EnumPractice1", "EnumPractice1\EnumPractice1.csproj", "{578B75C9-8E14-47B2-9B66-02622873A4F5}"
EndProject
Global
	GlobalSection(SolutionConfigurationPlatforms) = preSolution
		Debug|Any CPU = Debug|Any CPU
		Release|Any CPU = Release|Any CPU
	EndGlobalSection
	GlobalSection(ProjectConfigurationPlatforms) = postSolution
		{578B75C9-8E14-47B2-9B66-02622873A4F5}.Debug|Any CPU.ActiveCfg = Debug|Any CPU
		{578B75C9-8E14-47B2-9B66-02622873A4F5}.Debug|Any CPU.Build.0 = Debug|Any CPU
		{578B75C9-8E14-47B2-9B66-02622873A4F5}.Release|Any CPU.ActiveCfg = Release|Any CPU
		{578B75C9-8E14-47B2-9B66-02622873A4F5}.Release|Any CPU.Build.0 = Release|Any CPU
	EndGlobalSection
	GlobalSection(SolutionProperties) = preSolution
		HideSolutionNode = FALSE
	EndGlobalSection
	GlobalSection(ExtensibilityGlobals) = postSolution
		SolutionGuid = {97A98486-CE1D-487A-8D0B-D9146B8E9AE2}
	EndGlobalSection
EndGlobal
